PODS:
  - Charts (3.5.0):
    - Charts/Core (= 3.5.0)
  - Charts/Core (3.5.0)
  - Eureka (5.2.1)
  - FSCalendar (2.8.1)
  - Realm (5.3.2):
    - Realm/Headers (= 5.3.2)
  - Realm/Headers (5.3.2)
  - RealmSwift (5.3.2):
    - Realm (= 5.3.2)
  - SnapKit (5.0.1)
  - SwiftChart (1.0.1)
  - ViewRow (0.8):
    - Eureka (>= 5.0.0)

DEPENDENCIES:
  - Charts
  - Eureka
  - FSCalendar
  - RealmSwift
  - SnapKit (~> 5.0.0)
  - SwiftChart
  - ViewRow

SPEC REPOS:
  trunk:
    - Charts
    - Eureka
    - FSCalendar
    - Realm
    - RealmSwift
    - SnapKit
    - SwiftChart
    - ViewRow

SPEC CHECKSUMS:
  Charts: 40a08591df1f8ad5c223ddedfb1a06da92f24f7c
  Eureka: c883105488e05bc65539f583246ecf9657cabbfe
  FSCalendar: 5245140456fcbcac5824c203b98bd8068bdfee1a
  Realm: c6794276ca8884808ba168a22f9d71362b170b85
  RealmSwift: 42ec6cec3170aeeda407f797f07268a7d055ebc7
  SnapKit: 97b92857e3df3a0c71833cce143274bf6ef8e5eb
  SwiftChart: ba767a678d568a5ee22d419e146a0582865e1aff
  ViewRow: 8da541e9c019f3be63f4e28f311a62cac2045ecf

PODFILE CHECKSUM: 06d75700a7f48cc60f699e1ecb2ca18d650ce146

COCOAPODS: 1.9.3
